
Microsoft Visual Studio Solution File, Format Version 12.00
# Visual Studio Version 16
VisualStudioVersion = 16.0.30002.166
MinimumVisualStudioVersion = 10.0.40219.1
Project("{FAE04EC0-301F-11D3-BF4B-00C04F79EFBC}") = "SpotShare", "SpotShare\SpotShare.csproj", "{A30EEB31-AD4A-40BF-8A5C-FF78214928D4}"
EndProject
Global
	GlobalSection(SolutionConfigurationPlatforms) = preSolution
		Debug|Any CPU = Debug|Any CPU
		Release|Any CPU = Release|Any CPU
	EndGlobalSection
	GlobalSection(ProjectConfigurationPlatforms) = postSolution
		{A30EEB31-AD4A-40BF-8A5C-FF78214928D4}.Debug|Any CPU.ActiveCfg = Debug|Any CPU
		{A30EEB31-AD4A-40BF-8A5C-FF78214928D4}.Debug|Any CPU.Build.0 = Debug|Any CPU
		{A30EEB31-AD4A-40BF-8A5C-FF78214928D4}.Release|Any CPU.ActiveCfg = Release|Any CPU
		{A30EEB31-AD4A-40BF-8A5C-FF78214928D4}.Release|Any CPU.Build.0 = Release|Any CPU
	EndGlobalSection
	GlobalSection(SolutionProperties) = preSolution
		HideSolutionNode = FALSE
	EndGlobalSection
	GlobalSection(ExtensibilityGlobals) = postSolution
		SolutionGuid = {103589F9-F417-4875-A6EF-DC1BEAE35BD4}
	EndGlobalSection
EndGlobal
